github.com/ikawaha/kagome-dict v1.0.0/go.mod h1:pbeH4qwp/LVWKNePhU4Mh11w/l8uUSXKxfvNwRkj3NY=
github.com/ikawaha/kagome-dict v1.1.6 h1:bpMDkXEbHsgh/gdqNMpASM5EDd/jpRtzm2AFJTGP6C4=
github.com/ikawaha/kagome-dict v1.1.6/go.mod h1:kVQBTitXg2pqmQUMFqGOw60e14zahWKyEyuZW2n7Yus=
github.com/ikawaha/kagome-dict-ko v1.1.0 h1:UdzDIiMODp4/7TjV/zXBU+nrqaust0qDydEiCm3al9I=
github.com/ikawaha/kagome-dict-ko v1.1.0/go.mod h1:04XLdBZi1Q3ygXVrMZIb9+LIGLCaK/0trwqZttPRILg=
github.com/ikawaha/kagome-dict/ipa v1.2.5 h1:uX9D/T7xNpx1nleDU6SSbpaYHgiAhRs9IIEkcWu9XLQ=
github.com/ikawaha/kagome-dict/ipa v1.2.5/go.mod h1:mfrhW/dynf56fNLSD4fyC29wQsEffWJj7trEJjSZz5Q=
github.com/ikawaha/kagome-dict/uni v1.2.5 h1:YlzuB1CG0HkawuX0eRIjDgoazsT89nYd4nXnQyDyIlU=
github.com/ikawaha/kagome-dict/uni v1.2.5/go.mod h1:1UYPVH+GZ5NYiYLfKQG57v3gLbzdxLP5eYZ9sLlaI/M=
github.com/ikawaha/kagome/v2 v2.10.2 h1:5bWo0LJqJHzjtpeLQ+XO5IMdyLOMr52de28czE+s1r0=
github.com/ikawaha/kagome/v2 v2.10.2/go.mod h1:vUBsiTqPQiG+dqSHmvRz3rWb3sCwnS6WO3HNXSPclL4=
golang.org/x/mobile v0.0.0-20250408133729-978277e7eaf7 h1:8MGTx39304caZ/OMsjPfuxUoDGI2tRas92F5x97tIYc=
golang.org/x/mobile v0.0.0-20250408133729-978277e7eaf7/go.mod h1:ftACcHgQ7vaOnQbHOHvXt9Y6bEPHrs5Ovk67ClwrPJA=
golang.org/x/mod v0.24.0 h1:ZfthKaKaT4NrhGVZHO1/WDTwGES4De8KtWO0SIbNJMU=
golang.org/x/mod v0.24.0/go.mod h1:IXM97Txy2VM4PJ3gI61r1YEk/gAj6zAHN3AdZt6S9Ww=
golang.org/x/sync v0.13.0 h1:AauUjRAJ9OSnvULf/ARrrVywoJDy0YS2AwQ98I37610=
golang.org/x/sync v0.13.0/go.mod h1:1dzgHSNfp02xaA81J2MS99Qcpr2w7fw1gpm99rleRqA=
golang.org/x/text v0.3.3/go.mod h1:5Zoc/QRtKVWzQhOtBMvqHzDpF6irO9z98xDceosuGiQ=
golang.org/x/tools v0.0.0-20180917221912-90fa682c2a6e/go.mod h1:n7NCudcB/nEzxVGmLbDWY5pfWTLqBcC2KZ6jyYvM4mQ=
golang.org/x/tools v0.32.0 h1:Q7N1vhpkQv7ybVzLFtTjvQya2ewbwNDZzUgfXGqtMWU=
golang.org/x/tools v0.32.0/go.mod h1:ZxrU41P/wAbZD8EDa6dDCa6XfpkhJ7HFMjHJXfBDu8s=
